# Exact versions Jenna Lite is tested with (pip freeze of a working install). The installer uses this file;
# requirements.txt lists the direct packages. Regenerate: .venv\Scripts\python.exe -m pip freeze > requirements.lock
aiohappyeyeballs==2.7.1
aiohttp==3.14.4
aiosignal==1.4.0
annotated-types==0.8.0
anyio==4.15.1
attrs==26.1.0
av==18.0.0
babel==2.18.0
caldav==3.3.1
certifi==2026.7.22
cffi==2.1.1
charset-normalizer==3.5.2
click==8.5.0
cloudpickle==3.1.2
colorama==0.4.6
courlan==1.4.0
cryptography==50.0.1
ctranslate2==4.8.2
dateparser==1.4.3
ddgs==9.16.0
dlinfo==2.0.0
dnspython==2.8.0
espeakng-loader==0.2.4
faster-whisper==1.2.1
filelock==4.0.12
flatbuffers==25.12.19
frozenlist==1.8.0
fsspec==2026.9.0
greenlet==3.5.6
h11==0.16.0
hf-xet==1.6.0
htmldate==1.11.0
http_ece==1.2.1
httpcore==1.0.9
httpx==0.28.1
huggingface_hub==1.33.0
icalendar==7.3.0
icalendar-searcher==1.0.6
idna==3.20
jaraco.classes==3.4.0
jaraco.context==6.1.2
jaraco.functools==4.6.0
jh2==5.0.15
joblib==1.6.0
jusText==3.0.2
keyboard==0.13.5
keyring==25.7.0
kokoro-onnx==0.6.1
lxml==6.1.3
lxml_html_clean==0.4.5
more-itertools==11.1.0
multidict==6.9.1
niquests==3.21.2
numpy==2.4.6
oauthlib==4.0.0
ollama==0.6.2
onnxruntime==1.30.0
packaging==26.3
phonemizer==3.4.0
playwright==1.63.0
primp==2.0.1
propcache==0.5.4
protobuf==7.36.2
py-vapid==1.9.4
pycparser==3.0
pydantic==2.13.5
pydantic_core==2.46.5
pyee==13.0.1
python-dateutil==2.9.0.post0
pytz==2026.5
pywebpush==2.5.0
pywin32-ctypes==0.2.3
PyYAML==6.0.3
qh3==2.0.4
qrcode==8.2
recurring-ical-events==3.8.2
regex==2026.9.29
requests==2.34.2
requests-oauthlib==2.0.0
six==1.17.0
slack_sdk==3.45.0
sounddevice==0.5.5
soundfile==0.14.0
tld==0.13.2
tokenizers==0.23.2
tqdm==4.70.1
trafilatura==2.2.0
typing-inspection==0.4.4
typing_extensions==4.16.0
tzdata==2026.5
tzlocal==5.4.4
urllib3==2.8.0
urllib3-future==2.25.902
wassima==2.1.4
x-wr-timezone==2.0.1
yarl==1.25.1
